{
  "version": 4,
  "terraform_version": "1.5.7",
  "serial": 10,
  "lineage": "4982212f-9af3-f2a8-7e07-8505241b30d1",
  "outputs": {
    "ec2_public_dns": {
      "value": "ec2-54-163-16-219.compute-1.amazonaws.com",
      "type": "string"
    },
    "ssm_document_name": {
      "value": "update_code",
      "type": "string"
    }
  },
  "resources": [
    {
      "mode": "data",
      "type": "aws_ami",
      "name": "amazon_linux_2",
      "provider": "provider[\"registry.terraform.io/hashicorp/aws\"]",
      "instances": [
        {
          "schema_version": 0,
          "attributes": {
            "architecture": "x86_64",
            "arn": "arn:aws:ec2:us-east-1::image/ami-0c42bca0188f767b2",
            "block_device_mappings": [
              {
                "device_name": "/dev/xvda",
                "ebs": {
                  "delete_on_termination": "true",
                  "encrypted": "false",
                  "iops": "3000",
                  "snapshot_id": "snap-019ccd90eab97c45a",
                  "throughput": "125",
                  "volume_size": "8",
                  "volume_type": "gp3"
                },
                "no_device": "",
                "virtual_name": ""
              }
            ],
            "boot_mode": "uefi-preferred",
            "creation_date": "2023-10-10T23:26:10.000Z",
            "deprecation_time": "2024-01-08T23:26:00.000Z",
            "description": "Amazon Linux 2023 AMI 2023.2.20231011.0 x86_64 Minimal HVM kernel-6.1",
            "ena_support": true,
            "executable_users": null,
            "filter": [
              {
                "name": "architecture",
                "values": [
                  "x86_64"
                ]
              },
              {
                "name": "block-device-mapping.volume-size",
                "values": [
                  "8"
                ]
              },
              {
                "name": "name",
                "values": [
                  "al2023-ami-*"
                ]
              },
              {
                "name": "owner-alias",
                "values": [
                  "amazon"
                ]
              }
            ],
            "hypervisor": "xen",
            "id": "ami-0c42bca0188f767b2",
            "image_id": "ami-0c42bca0188f767b2",
            "image_location": "amazon/al2023-ami-minimal-2023.2.20231011.0-kernel-6.1-x86_64",
            "image_owner_alias": "amazon",
            "image_type": "machine",
            "imds_support": "v2.0",
            "include_deprecated": false,
            "kernel_id": "",
            "most_recent": true,
            "name": "al2023-ami-minimal-2023.2.20231011.0-kernel-6.1-x86_64",
            "name_regex": null,
            "owner_id": "137112412989",
            "owners": null,
            "platform": "",
            "platform_details": "Linux/UNIX",
            "product_codes": [],
            "public": true,
            "ramdisk_id": "",
            "root_device_name": "/dev/xvda",
            "root_device_type": "ebs",
            "root_snapshot_id": "snap-019ccd90eab97c45a",
            "sriov_net_support": "simple",
            "state": "available",
            "state_reason": {
              "code": "UNSET",
              "message": "UNSET"
            },
            "tags": {},
            "timeouts": null,
            "tpm_support": "",
            "usage_operation": "RunInstances",
            "virtualization_type": "hvm"
          },
          "sensitive_attributes": []
        }
      ]
    },
    {
      "mode": "data",
      "type": "aws_subnets",
      "name": "default",
      "provider": "provider[\"registry.terraform.io/hashicorp/aws\"]",
      "instances": [
        {
          "schema_version": 0,
          "attributes": {
            "filter": [
              {
                "name": "map-public-ip-on-launch",
                "values": [
                  "true"
                ]
              },
              {
                "name": "vpc-id",
                "values": [
                  "vpc-0cfc992e72fac8cde"
                ]
              }
            ],
            "id": "us-east-1",
            "ids": [
              "subnet-06b033da3c2bf452a",
              "subnet-06a57333cb838bcf4",
              "subnet-06f1e2756db1327af",
              "subnet-0db102d59b7664de8",
              "subnet-0562d7dac6c9feffb",
              "subnet-0116f2355572b9b52"
            ],
            "tags": null,
            "timeouts": null
          },
          "sensitive_attributes": []
        }
      ]
    },
    {
      "mode": "data",
      "type": "http",
      "name": "myip",
      "provider": "provider[\"registry.terraform.io/hashicorp/http\"]",
      "instances": [
        {
          "schema_version": 0,
          "attributes": {
            "body": "68.146.20.252\n",
            "ca_cert_pem": null,
            "id": "http://ipv4.icanhazip.com",
            "insecure": null,
            "method": null,
            "request_body": null,
            "request_headers": null,
            "request_timeout_ms": null,
            "response_body": "68.146.20.252\n",
            "response_body_base64": "NjguMTQ2LjIwLjI1Mgo=",
            "response_headers": {
              "Access-Control-Allow-Methods": "GET",
              "Access-Control-Allow-Origin": "*",
              "Alt-Svc": "h3=\":443\"; ma=86400",
              "Cf-Ray": "815330bf2cc1c688-SEA",
              "Connection": "keep-alive",
              "Content-Length": "14",
              "Content-Type": "text/plain",
              "Date": "Thu, 12 Oct 2023 23:40:52 GMT",
              "Server": "cloudflare",
              "Set-Cookie": "__cf_bm=WbGjR08GlWgLS4qi1dLbcHiLFC__D5PICJ5JT6hfUG8-1697154052-0-AUYS3Knz/T2y0tckVArRfy4VqeIIPFa0g7BX2IYWCRQJQBGZLC7S//fpb5P6LcEfI8bvRd1QxGBc1sNdFXxLpik=; path=/; expires=Fri, 13-Oct-23 00:10:52 GMT; domain=.icanhazip.com; HttpOnly; SameSite=None",
              "Vary": "Accept-Encoding"
            },
            "retry": null,
            "status_code": 200,
            "url": "http://ipv4.icanhazip.com"
          },
          "sensitive_attributes": []
        }
      ]
    },
    {
      "mode": "managed",
      "type": "aws_instance",
      "name": "web",
      "provider": "provider[\"registry.terraform.io/hashicorp/aws\"]",
      "instances": [
        {
          "schema_version": 1,
          "attributes": {
            "ami": "ami-0c42bca0188f767b2",
            "arn": "arn:aws:ec2:us-east-1:838484963360:instance/i-08e9578d1f3aab1e2",
            "associate_public_ip_address": true,
            "availability_zone": "us-east-1a",
            "capacity_reservation_specification": [
              {
                "capacity_reservation_preference": "open",
                "capacity_reservation_target": []
              }
            ],
            "cpu_core_count": 1,
            "cpu_options": [
              {
                "amd_sev_snp": "",
                "core_count": 1,
                "threads_per_core": 1
              }
            ],
            "cpu_threads_per_core": 1,
            "credit_specification": [
              {
                "cpu_credits": "standard"
              }
            ],
            "disable_api_stop": false,
            "disable_api_termination": false,
            "ebs_block_device": [],
            "ebs_optimized": false,
            "enclave_options": [
              {
                "enabled": false
              }
            ],
            "ephemeral_block_device": [],
            "get_password_data": false,
            "hibernation": false,
            "host_id": "",
            "host_resource_group_arn": null,
            "iam_instance_profile": "LabInstanceProfile",
            "id": "i-08e9578d1f3aab1e2",
            "instance_initiated_shutdown_behavior": "stop",
            "instance_lifecycle": "",
            "instance_market_options": [],
            "instance_state": "running",
            "instance_type": "t2.micro",
            "ipv6_address_count": 0,
            "ipv6_addresses": [],
            "key_name": "admin-key",
            "launch_template": [],
            "maintenance_options": [
              {
                "auto_recovery": "default"
              }
            ],
            "metadata_options": [
              {
                "http_endpoint": "enabled",
                "http_protocol_ipv6": "disabled",
                "http_put_response_hop_limit": 2,
                "http_tokens": "required",
                "instance_metadata_tags": "disabled"
              }
            ],
            "monitoring": false,
            "network_interface": [],
            "outpost_arn": "",
            "password_data": "",
            "placement_group": "",
            "placement_partition_number": 0,
            "primary_network_interface_id": "eni-018f874c5b450d4d7",
            "private_dns": "ip-172-31-16-46.ec2.internal",
            "private_dns_name_options": [
              {
                "enable_resource_name_dns_a_record": false,
                "enable_resource_name_dns_aaaa_record": false,
                "hostname_type": "ip-name"
              }
            ],
            "private_ip": "172.31.16.46",
            "public_dns": "ec2-54-163-16-219.compute-1.amazonaws.com",
            "public_ip": "54.163.16.219",
            "root_block_device": [
              {
                "delete_on_termination": true,
                "device_name": "/dev/xvda",
                "encrypted": false,
                "iops": 3000,
                "kms_key_id": "",
                "tags": {},
                "throughput": 125,
                "volume_id": "vol-0da8ab9924e40cd49",
                "volume_size": 8,
                "volume_type": "gp3"
              }
            ],
            "secondary_private_ips": [],
            "security_groups": [
              "allow_ssh"
            ],
            "source_dest_check": true,
            "spot_instance_request_id": "",
            "subnet_id": "subnet-06f1e2756db1327af",
            "tags": {
              "Administrator": "z.fu177@mybvc.ca",
              "Environment": "production",
              "Name": "dental_office",
              "Terraform": "true"
            },
            "tags_all": {
              "Administrator": "z.fu177@mybvc.ca",
              "Environment": "production",
              "Name": "dental_office",
              "Terraform": "true"
            },
            "tenancy": "default",
            "timeouts": null,
            "user_data": "2330848e37443e12764cb394c1cd9e996cd267c3",
            "user_data_base64": null,
            "user_data_replace_on_change": false,
            "volume_tags": null,
            "vpc_security_group_ids": [
              "sg-082300b418ee72fb7"
            ]
          },
          "sensitive_attributes": [],
          "private": "eyJlMmJmYjczMC1lY2FhLTExZTYtOGY4OC0zNDM2M2JjN2M0YzAiOnsiY3JlYXRlIjo2MDAwMDAwMDAwMDAsImRlbGV0ZSI6MTIwMDAwMDAwMDAwMCwidXBkYXRlIjo2MDAwMDAwMDAwMDB9LCJzY2hlbWFfdmVyc2lvbiI6IjEifQ==",
          "dependencies": [
            "aws_key_pair.admin",
            "aws_security_group.allow_ssh",
            "data.aws_ami.amazon_linux_2",
            "data.aws_subnets.default",
            "data.http.myip"
          ]
        }
      ]
    },
    {
      "mode": "managed",
      "type": "aws_key_pair",
      "name": "admin",
      "provider": "provider[\"registry.terraform.io/hashicorp/aws\"]",
      "instances": [
        {
          "schema_version": 1,
          "attributes": {
            "arn": "arn:aws:ec2:us-east-1:838484963360:key-pair/admin-key",
            "fingerprint": "5VwKP7IfdOgTh7xycCc0563u+rKCZvHfdaOb+Tc9quw=",
            "id": "admin-key",
            "key_name": "admin-key",
            "key_name_prefix": "",
            "key_pair_id": "key-013f25d0e0084bb11",
            "key_type": "ed25519",
            "public_key": "ssh-ed25519 AAAAC3NzaC1lZDI1NTE5AAAAIKjHqHuJUEXdgFDE4ivQt3ZA5bHYFfkIcdMlMqYIu8HM z.fu177@mybvc.ca",
            "tags": {},
            "tags_all": {}
          },
          "sensitive_attributes": [],
          "private": "eyJzY2hlbWFfdmVyc2lvbiI6IjEifQ=="
        }
      ]
    },
    {
      "mode": "managed",
      "type": "aws_security_group",
      "name": "allow_ssh",
      "provider": "provider[\"registry.terraform.io/hashicorp/aws\"]",
      "instances": [
        {
          "schema_version": 1,
          "attributes": {
            "arn": "arn:aws:ec2:us-east-1:838484963360:security-group/sg-082300b418ee72fb7",
            "description": "Allow SSH inbound traffic",
            "egress": [
              {
                "cidr_blocks": [
                  "0.0.0.0/0"
                ],
                "description": "",
                "from_port": 0,
                "ipv6_cidr_blocks": [
                  "::/0"
                ],
                "prefix_list_ids": [],
                "protocol": "-1",
                "security_groups": [],
                "self": false,
                "to_port": 0
              }
            ],
            "id": "sg-082300b418ee72fb7",
            "ingress": [
              {
                "cidr_blocks": [
                  "68.146.20.252/32"
                ],
                "description": "SSH from my IP",
                "from_port": 22,
                "ipv6_cidr_blocks": [],
                "prefix_list_ids": [],
                "protocol": "tcp",
                "security_groups": [],
                "self": false,
                "to_port": 22
              }
            ],
            "name": "allow_ssh",
            "name_prefix": "",
            "owner_id": "838484963360",
            "revoke_rules_on_delete": false,
            "tags": {
              "Administrator": "z.fu177@mybvc.ca",
              "Name": "allow_ssh",
              "Terraform": "true"
            },
            "tags_all": {
              "Administrator": "z.fu177@mybvc.ca",
              "Name": "allow_ssh",
              "Terraform": "true"
            },
            "timeouts": null,
            "vpc_id": "vpc-0cfc992e72fac8cde"
          },
          "sensitive_attributes": [],
          "private": "eyJlMmJmYjczMC1lY2FhLTExZTYtOGY4OC0zNDM2M2JjN2M0YzAiOnsiY3JlYXRlIjo2MDAwMDAwMDAwMDAsImRlbGV0ZSI6OTAwMDAwMDAwMDAwfSwic2NoZW1hX3ZlcnNpb24iOiIxIn0=",
          "dependencies": [
            "data.http.myip"
          ]
        }
      ]
    },
    {
      "mode": "managed",
      "type": "aws_ssm_document",
      "name": "update_code",
      "provider": "provider[\"registry.terraform.io/hashicorp/aws\"]",
      "instances": [
        {
          "schema_version": 0,
          "attributes": {
            "arn": "arn:aws:ssm:us-east-1:838484963360:document/update_code",
            "attachments_source": [],
            "content": "{\n  \"schemaVersion\" : \"2.2\",\n  \"description\" : \"Update code repo\",\n  \"mainSteps\" : [ {\n    \"action\" : \"aws:runShellScript\",\n    \"name\" : \"update\",\n    \"inputs\" : {\n      \"runCommand\" : [ \"cd /root/dental_office\", \"git pull\" ]\n    }\n  } ]\n}\n",
            "created_date": "2023-10-12T23:32:32Z",
            "default_version": "1",
            "description": "Update code repo",
            "document_format": "JSON",
            "document_type": "Command",
            "document_version": "1",
            "hash": "6eedc95d36609500b4d2fde523ca99d08f34457b1bedd81644813ac41c68681d",
            "hash_type": "Sha256",
            "id": "update_code",
            "latest_version": "1",
            "name": "update_code",
            "owner": "838484963360",
            "parameter": [],
            "permissions": {},
            "platform_types": [
              "Linux",
              "MacOS"
            ],
            "schema_version": "2.2",
            "status": "Active",
            "tags": {
              "Administrator": "z.fu177@mybvc.ca",
              "Environment": "production",
              "Service": "dental_office",
              "Terraform": "true"
            },
            "tags_all": {
              "Administrator": "z.fu177@mybvc.ca",
              "Environment": "production",
              "Service": "dental_office",
              "Terraform": "true"
            },
            "target_type": "",
            "version_name": ""
          },
          "sensitive_attributes": [],
          "private": "bnVsbA=="
        }
      ]
    }
  ],
  "check_results": null
}
